#MicroXplorer Configuration settings - do not modify
File.Version=6
KeepUserPlacement=false
Mcu.Family=STM32F1
Mcu.IP0=NVIC
Mcu.IP1=RCC
Mcu.IP2=SYS
Mcu.IP3=USB
Mcu.IP4=USB_DEVICE
Mcu.IPNb=5
Mcu.Name=STM32F103C(8-B)Tx
Mcu.Package=LQFP48
Mcu.Pin0=PC14-OSC32_IN
Mcu.Pin1=PC15-OSC32_OUT
Mcu.Pin10=PA14
Mcu.Pin11=VP_SYS_VS_Systick
Mcu.Pin12=VP_USB_DEVICE_VS_USB_DEVICE_CDC_FS
Mcu.Pin2=PD0-OSC_IN
Mcu.Pin3=PD1-OSC_OUT
Mcu.Pin4=PB13
Mcu.Pin5=PB14
Mcu.Pin6=PB15
Mcu.Pin7=PA11
Mcu.Pin8=PA12
Mcu.Pin9=PA13
Mcu.PinsNb=13
Mcu.UserConstants=
Mcu.UserName=STM32F103C8Tx
MxCube.Version=4.18.0
MxDb.Version=DB.4.0.180
NVIC.BusFault_IRQn=true\:0\:0\:false\:false\:true
NVIC.DebugMonitor_IRQn=true\:0\:0\:false\:false\:true
NVIC.HardFault_IRQn=true\:0\:0\:false\:false\:true
NVIC.MemoryManagement_IRQn=true\:0\:0\:false\:false\:true
NVIC.NonMaskableInt_IRQn=true\:0\:0\:false\:false\:true
NVIC.PendSV_IRQn=true\:0\:0\:false\:false\:true
NVIC.PriorityGroup=NVIC_PRIORITYGROUP_4
NVIC.SVCall_IRQn=true\:0\:0\:false\:false\:true
NVIC.SysTick_IRQn=true\:0\:0\:false\:false\:true
NVIC.USB_LP_CAN1_RX0_IRQn=true\:0\:0\:false\:false\:true
NVIC.UsageFault_IRQn=true\:0\:0\:false\:false\:true
PA11.Mode=Device
PA11.Signal=USB_DM
PA12.Mode=Device
PA12.Signal=USB_DP
PA13.Mode=Serial_Wire
PA13.Signal=SYS_JTMS-SWDIO
PA14.Mode=Serial_Wire
PA14.Signal=SYS_JTCK-SWCLK
PB13.GPIOParameters=PinState,GPIO_Label
PB13.GPIO_Label=ADS_CS
PB13.Locked=true
PB13.PinState=GPIO_PIN_SET
PB13.Signal=GPIO_Output
PB14.GPIOParameters=GPIO_Label
PB14.GPIO_Label=ADS_CLK
PB14.Locked=true
PB14.Signal=GPIO_Output
PB15.GPIOParameters=GPIO_Label
PB15.GPIO_Label=ADS_DATA
PB15.Locked=true
PB15.Signal=GPIO_Input
PC14-OSC32_IN.Mode=LSE-External-Oscillator
PC14-OSC32_IN.Signal=RCC_OSC32_IN
PC15-OSC32_OUT.Mode=LSE-External-Oscillator
PC15-OSC32_OUT.Signal=RCC_OSC32_OUT
PCC.Checker=false
PCC.Line=STM32F103
PCC.MCU=STM32F103C(8-B)Tx
PCC.MXVersion=4.18.0
PCC.PartNumber=STM32F103C8Tx
PCC.Seq0=0
PCC.Series=STM32F1
PCC.Temperature=25
PCC.Vdd=3.3
PD0-OSC_IN.Mode=HSE-External-Oscillator
PD0-OSC_IN.Signal=RCC_OSC_IN
PD1-OSC_OUT.Mode=HSE-External-Oscillator
PD1-OSC_OUT.Signal=RCC_OSC_OUT
RCC.ADCFreqValue=12000000
RCC.ADCPresc=RCC_ADCPCLK2_DIV4
RCC.AHBFreq_Value=48000000
RCC.APB1CLKDivider=RCC_HCLK_DIV2
RCC.APB1Freq_Value=24000000
RCC.APB1TimFreq_Value=48000000
RCC.APB2Freq_Value=48000000
RCC.APB2TimFreq_Value=48000000
RCC.FCLKCortexFreq_Value=48000000
RCC.FamilyName=M
RCC.HCLKFreq_Value=48000000
RCC.HSIState=RCC_HSI_ON
RCC.IPParameters=ADCFreqValue,ADCPresc,AHBFreq_Value,APB1CLKDivider,APB1Freq_Value,APB1TimFreq_Value,APB2Freq_Value,APB2TimFreq_Value,FCLKCortexFreq_Value,FamilyName,HCLKFreq_Value,HSIState,MCOFreq_Value,PLLCLKFreq_Value,PLLMCOFreq_Value,PLLMUL,SYSCLKFreq_VALUE,SYSCLKSource,TimSysFreq_Value,USBFreq_Value,VCOOutput2Freq_Value,VDD_VALUE
RCC.MCOFreq_Value=48000000
RCC.PLLCLKFreq_Value=48000000
RCC.PLLMCOFreq_Value=24000000
RCC.PLLMUL=RCC_PLL_MUL6
RCC.SYSCLKFreq_VALUE=48000000
RCC.SYSCLKSource=RCC_SYSCLKSOURCE_PLLCLK
RCC.TimSysFreq_Value=48000000
RCC.USBFreq_Value=48000000
RCC.VCOOutput2Freq_Value=8000000
RCC.VDD_VALUE=3.3
USB.IPParameters=ep0_mps
USB.ep0_mps=DEP0CTL_MPS_64
USB_DEVICE.CLASS_NAME_FS=CDC
USB_DEVICE.IPParameters=VirtualMode,VirtualModeFS,USBD_HandleTypeDef,CLASS_NAME_FS,USBD_SELF_POWERED,USBD_SUPPORT_USER_STRING,USBD_CDC_INTERVAL,MANUFACTURER_STRING,PRODUCT_STRING_CDC_FS
USB_DEVICE.MANUFACTURER_STRING=Yandex, LLC.
USB_DEVICE.PRODUCT_STRING_CDC_FS=VoltaBox
USB_DEVICE.USBD_CDC_INTERVAL=10
USB_DEVICE.USBD_HandleTypeDef=hUsbDeviceFS
USB_DEVICE.USBD_SELF_POWERED=0
USB_DEVICE.USBD_SUPPORT_USER_STRING=1
USB_DEVICE.VirtualMode=Cdc
USB_DEVICE.VirtualModeFS=Cdc_FS
VP_SYS_VS_Systick.Mode=SysTick
VP_SYS_VS_Systick.Signal=SYS_VS_Systick
VP_USB_DEVICE_VS_USB_DEVICE_CDC_FS.Mode=CDC_FS
VP_USB_DEVICE_VS_USB_DEVICE_CDC_FS.Signal=USB_DEVICE_VS_USB_DEVICE_CDC_FS
